<Solution>
  <Folder Name="/src/">
    <Project Path="src/VehicleVision.PleasanterTools.Questionnaire.Core/VehicleVision.PleasanterTools.Questionnaire.Core.csproj" />
    <Project Path="src/VehicleVision.PleasanterTools.Questionnaire.Data/VehicleVision.PleasanterTools.Questionnaire.Data.csproj" />
    <Project Path="src/VehicleVision.PleasanterTools.Questionnaire.Pleasanter/VehicleVision.PleasanterTools.Questionnaire.Pleasanter.csproj" />
    <Project Path="src/VehicleVision.PleasanterTools.Questionnaire.Web/VehicleVision.PleasanterTools.Questionnaire.Web.csproj" />
    <Project Path="src/VehicleVision.PleasanterTools.Questionnaire.Worker/VehicleVision.PleasanterTools.Questionnaire.Worker.csproj" />
  </Folder>
  <Folder Name="/tests/">
    <Project Path="tests/VehicleVision.PleasanterTools.Questionnaire.Core.Tests/VehicleVision.PleasanterTools.Questionnaire.Core.Tests.csproj" />
    <Project Path="tests/VehicleVision.PleasanterTools.Questionnaire.Integration.Tests/VehicleVision.PleasanterTools.Questionnaire.Integration.Tests.csproj" />
    <Project Path="tests/VehicleVision.PleasanterTools.Questionnaire.Pleasanter.Tests/VehicleVision.PleasanterTools.Questionnaire.Pleasanter.Tests.csproj" />
    <Project Path="tests/VehicleVision.PleasanterTools.Questionnaire.Web.Tests/VehicleVision.PleasanterTools.Questionnaire.Web.Tests.csproj" />
    <Project Path="tests/VehicleVision.PleasanterTools.Questionnaire.Worker.Tests/VehicleVision.PleasanterTools.Questionnaire.Worker.Tests.csproj" />
  </Folder>
</Solution>
